
Microsoft Visual Studio Solution File, Format Version 12.00
# Visual Studio Version 16
VisualStudioVersion = 16.0.31515.178
MinimumVisualStudioVersion = 10.0.40219.1
Project("{9A19103F-16F7-4668-BE54-9A1E7A4F7556}") = "LogisticsFactory", "ProductsFabrica\LogisticsFactory.csproj", "{68E4D6B1-31E0-4D0F-A05C-1B789D2F5D05}"
EndProject
Project("{9A19103F-16F7-4668-BE54-9A1E7A4F7556}") = "LogisticsFactory.Tests", "ProductsFabrica.Tests\LogisticsFactory.Tests.csproj", "{323F4D3E-B97C-44AB-8B6B-22CEC0370023}"
EndProject
Project("{9A19103F-16F7-4668-BE54-9A1E7A4F7556}") = "LogisticApp.cs", "LogisticApp.cs\LogisticApp.cs.csproj", "{3BE62DEF-9594-493D-AB9F-CBCFE12523A3}"
EndProject
Global
	GlobalSection(SolutionConfigurationPlatforms) = preSolution
		Debug|Any CPU = Debug|Any CPU
		Release|Any CPU = Release|Any CPU
	EndGlobalSection
	GlobalSection(ProjectConfigurationPlatforms) = postSolution
		{68E4D6B1-31E0-4D0F-A05C-1B789D2F5D05}.Debug|Any CPU.ActiveCfg = Debug|Any CPU
		{68E4D6B1-31E0-4D0F-A05C-1B789D2F5D05}.Debug|Any CPU.Build.0 = Debug|Any CPU
		{68E4D6B1-31E0-4D0F-A05C-1B789D2F5D05}.Release|Any CPU.ActiveCfg = Release|Any CPU
		{68E4D6B1-31E0-4D0F-A05C-1B789D2F5D05}.Release|Any CPU.Build.0 = Release|Any CPU
		{323F4D3E-B97C-44AB-8B6B-22CEC0370023}.Debug|Any CPU.ActiveCfg = Debug|Any CPU
		{323F4D3E-B97C-44AB-8B6B-22CEC0370023}.Debug|Any CPU.Build.0 = Debug|Any CPU
		{323F4D3E-B97C-44AB-8B6B-22CEC0370023}.Release|Any CPU.ActiveCfg = Release|Any CPU
		{323F4D3E-B97C-44AB-8B6B-22CEC0370023}.Release|Any CPU.Build.0 = Release|Any CPU
		{3BE62DEF-9594-493D-AB9F-CBCFE12523A3}.Debug|Any CPU.ActiveCfg = Debug|Any CPU
		{3BE62DEF-9594-493D-AB9F-CBCFE12523A3}.Debug|Any CPU.Build.0 = Debug|Any CPU
		{3BE62DEF-9594-493D-AB9F-CBCFE12523A3}.Release|Any CPU.ActiveCfg = Release|Any CPU
		{3BE62DEF-9594-493D-AB9F-CBCFE12523A3}.Release|Any CPU.Build.0 = Release|Any CPU
	EndGlobalSection
	GlobalSection(SolutionProperties) = preSolution
		HideSolutionNode = FALSE
	EndGlobalSection
	GlobalSection(ExtensibilityGlobals) = postSolution
		SolutionGuid = {E471C808-694B-41A2-A1F7-9B336AC38B33}
	EndGlobalSection
EndGlobal
